// !$*UTF8*$!
{
	archiveVersion = 1;
	classes = {
	};
	objectVersion = 46;
	objects = {

/* Begin PBXBuildFile section */
		90EC156A1CB303C700B185FC /* AppDelegate.swift in Sources */ = {isa = PBXBuildFile; fileRef = 90EC15691CB303C700B185FC /* AppDelegate.swift */; };
		90EC156C1CB303C700B185FC /* ViewController.swift in Sources */ = {isa = PBXBuildFile; fileRef = 90EC156B1CB303C700B185FC /* ViewController.swift */; };
		90EC156F1CB303C700B185FC /* Main.storyboard in Resources */ = {isa = PBXBuildFile; fileRef = 90EC156D1CB303C700B185FC /* Main.storyboard */; };
		90EC15711CB303C700B185FC /* Assets.xcassets in Resources */ = {isa = PBXBuildFile; fileRef = 90EC15701CB303C700B185FC /* Assets.xcassets */; };
		90EC15741CB303C700B185FC /* LaunchScreen.storyboard in Resources */ = {isa = PBXBuildFile; fileRef = 90EC15721CB303C700B185FC /* LaunchScreen.storyboard */; };
		90EC157F1CB303C700B185FC /* TwoPlayersFightTests.swift in Sources */ = {isa = PBXBuildFile; fileRef = 90EC157E1CB303C700B185FC /* TwoPlayersFightTests.swift */; };
		90EC158A1CB303C800B185FC /* TwoPlayersFightUITests.swift in Sources */ = {isa = PBXBuildFile; fileRef = 90EC15891CB303C800B185FC /* TwoPlayersFightUITests.swift */; };
/* End PBXBuildFile section */

/* Begin PBXContainerItemProxy section */
		90EC157B1CB303C700B185FC /* PBXContainerItemProxy */ = {
			isa = PBXContainerItemProxy;
			containerPortal = 90EC155E1CB303C700B185FC /* Project object */;
			proxyType = 1;
			remoteGlobalIDString = 90EC15651CB303C700B185FC;
			remoteInfo = TwoPlayersFight;
		};
		90EC15861CB303C800B185FC /* PBXContainerItemProxy */ = {
			isa = PBXContainerItemProxy;
			containerPortal = 90EC155E1CB303C700B185FC /* Project object */;
			proxyType = 1;
			remoteGlobalIDString = 90EC15651CB303C700B185FC;
			remoteInfo = TwoPlayersFight;
		};
/* End PBXContainerItemProxy section */

/* Begin PBXFileReference section */
		90EC15661CB303C700B185FC /* TwoPlayersFight.app */ = {isa = PBXFileReference; explicitFileType = wrapper.application; includeInIndex = 0; path = TwoPlayersFight.app; sourceTree = BUILT_PRODUCTS_DIR; };
		90EC15691CB303C700B185FC /* AppDelegate.swift */ = {isa = PBXFileReference; lastKnownFileType = sourcecode.swift; path = AppDelegate.swift; sourceTree = "<group>"; };
		90EC156B1CB303C700B185FC /* ViewController.swift */ = {isa = PBXFileReference; lastKnownFileType = sourcecode.swift; path = ViewController.swift; sourceTree = "<group>"; };
		90EC156E1CB303C700B185FC /* Base */ = {isa = PBXFileReference; lastKnownFileType = file.storyboard; name = Base; path = Base.lproj/Main.storyboard; sourceTree = "<group>"; };
		90EC15701CB303C700B185FC /* Assets.xcassets */ = {isa = PBXFileReference; lastKnownFileType = folder.assetcatalog; path = Assets.xcassets; sourceTree = "<group>"; };
		90EC15731CB303C700B185FC /* Base */ = {isa = PBXFileReference; lastKnownFileType = file.storyboard; name = Base; path = Base.lproj/LaunchScreen.storyboard; sourceTree = "<group>"; };
		90EC15751CB303C700B185FC /* Info.plist */ = {isa = PBXFileReference; lastKnownFileType = text.plist.xml; path = Info.plist; sourceTree = "<group>"; };
		90EC157A1CB303C700B185FC /* TwoPlayersFightTests.xctest */ = {isa = PBXFileReference; explicitFileType = wrapper.cfbundle; includeInIndex = 0; path = TwoPlayersFightTests.xctest; sourceTree = BUILT_PRODUCTS_DIR; };
		90EC157E1CB303C700B185FC /* TwoPlayersFightTests.swift */ = {isa = PBXFileReference; lastKnownFileType = sourcecode.swift; path = TwoPlayersFightTests.swift; sourceTree = "<group>"; };
		90EC15801CB303C700B185FC /* Info.plist */ = {isa = PBXFileReference; lastKnownFileType = text.plist.xml; path = Info.plist; sourceTree = "<group>"; };
		90EC15851CB303C800B185FC /* TwoPlayersFightUITests.xctest */ = {isa = PBXFileReference; explicitFileType = wrapper.cfbundle; includeInIndex = 0; path = TwoPlayersFightUITests.xctest; sourceTree = BUILT_PRODUCTS_DIR; };
		90EC15891CB303C800B185FC /* TwoPlayersFightUITests.swift */ = {isa = PBXFileReference; lastKnownFileType = sourcecode.swift; path = TwoPlayersFightUITests.swift; sourceTree = "<group>"; };
		90EC158B1CB303C800B185FC /* Info.plist */ = {isa = PBXFileReference; lastKnownFileType = text.plist.xml; path = Info.plist; sourceTree = "<group>"; };
/* End PBXFileReference section */

/* Begin PBXFrameworksBuildPhase section */
		90EC15631CB303C700B185FC /* Frameworks */ = {
			isa = PBXFrameworksBuildPhase;
			buildActionMask = 2147483647;
			files = (
			);
			runOnlyForDeploymentPostprocessing = 0;
		};
		90EC15771CB303C700B185FC /* Frameworks */ = {
			isa = PBXFrameworksBuildPhase;
			buildActionMask = 2147483647;
			files = (
			);
			runOnlyForDeploymentPostprocessing = 0;
		};
		90EC15821CB303C800B185FC /* Frameworks */ = {
			isa = PBXFrameworksBuildPhase;
			buildActionMask = 2147483647;
			files = (
			);
			runOnlyForDeploymentPostprocessing = 0;
		};
/* End PBXFrameworksBuildPhase section */

/* Begin PBXGroup section */
		90EC155D1CB303C700B185FC = {
			isa = PBXGroup;
			children = (
				90EC15681CB303C700B185FC /* TwoPlayersFight */,
				90EC157D1CB303C700B185FC /* TwoPlayersFightTests */,
				90EC15881CB303C800B185FC /* TwoPlayersFightUITests */,
				90EC15671CB303C700B185FC /* Products */,
			);
			sourceTree = "<group>";
		};
		90EC15671CB303C700B185FC /* Products */ = {
			isa = PBXGroup;
			children = (
				90EC15661CB303C700B185FC /* TwoPlayersFight.app */,
				90EC157A1CB303C700B185FC /* TwoPlayersFightTests.xctest */,
				90EC15851CB303C800B185FC /* TwoPlayersFightUITests.xctest */,
			);
			name = Products;
			sourceTree = "<group>";
		};
		90EC15681CB303C700B185FC /* TwoPlayersFight */ = {
			isa = PBXGroup;
			children = (
				90EC15691CB303C700B185FC /* AppDelegate.swift */,
				90EC156B1CB303C700B185FC /* ViewController.swift */,
				90EC156D1CB303C700B185FC /* Main.storyboard */,
				90EC15701CB303C700B185FC /* Assets.xcassets */,
				90EC15721CB303C700B185FC /* LaunchScreen.storyboard */,
				90EC15751CB303C700B185FC /* Info.plist */,
			);
			path = TwoPlayersFight;
			sourceTree = "<group>";
		};
		90EC157D1CB303C700B185FC /* TwoPlayersFightTests */ = {
			isa = PBXGroup;
			children = (
				90EC157E1CB303C700B185FC /* TwoPlayersFightTests.swift */,
				90EC15801CB303C700B185FC /* Info.plist */,
			);
			path = TwoPlayersFightTests;
			sourceTree = "<group>";
		};
		90EC15881CB303C800B185FC /* TwoPlayersFightUITests */ = {
			isa = PBXGroup;
			children = (
				90EC15891CB303C800B185FC /* TwoPlayersFightUITests.swift */,
				90EC158B1CB303C800B185FC /* Info.plist */,
			);
			path = TwoPlayersFightUITests;
			sourceTree = "<group>";
		};
/* End PBXGroup section */

/* Begin PBXNativeTarget section */
		90EC15651CB303C700B185FC /* TwoPlayersFight */ = {
			isa = PBXNativeTarget;
			buildConfigurationList = 90EC158E1CB303C800B185FC /* Build configuration list for PBXNativeTarget "TwoPlayersFight" */;
			buildPhases = (
				90EC15621CB303C700B185FC /* Sources */,
				90EC15631CB303C700B185FC /* Frameworks */,
				90EC15641CB303C700B185FC /* Resources */,
			);
			buildRules = (
			);
			dependencies = (
			);
			name = TwoPlayersFight;
			productName = TwoPlayersFight;
			productReference = 90EC15661CB303C700B185FC /* TwoPlayersFight.app */;
			productType = "com.apple.product-type.application";
		};
		90EC15791CB303C700B185FC /* TwoPlayersFightTests */ = {
			isa = PBXNativeTarget;
			buildConfigurationList = 90EC15911CB303C800B185FC /* Build configuration list for PBXNativeTarget "TwoPlayersFightTests" */;
			buildPhases = (
				90EC15761CB303C700B185FC /* Sources */,
				90EC15771CB303C700B185FC /* Frameworks */,
				90EC15781CB303C700B185FC /* Resources */,
			);
			buildRules = (
			);
			dependencies = (
				90EC157C1CB303C700B185FC /* PBXTargetDependency */,
			);
			name = TwoPlayersFightTests;
			productName = TwoPlayersFightTests;
			productReference = 90EC157A1CB303C700B185FC /* TwoPlayersFightTests.xctest */;
			productType = "com.apple.product-type.bundle.unit-test";
		};
		90EC15841CB303C800B185FC /* TwoPlayersFightUITests */ = {
			isa = PBXNativeTarget;
			buildConfigurationList = 90EC15941CB303C800B185FC /* Build configuration list for PBXNativeTarget "TwoPlayersFightUITests" */;
			buildPhases = (
				90EC15811CB303C800B185FC /* Sources */,
				90EC15821CB303C800B185FC /* Frameworks */,
				90EC15831CB303C800B185FC /* Resources */,
			);
			buildRules = (
			);
			dependencies = (
				90EC15871CB303C800B185FC /* PBXTargetDependency */,
			);
			name = TwoPlayersFightUITests;
			productName = TwoPlayersFightUITests;
			productReference = 90EC15851CB303C800B185FC /* TwoPlayersFightUITests.xctest */;
			productType = "com.apple.product-type.bundle.ui-testing";
		};
/* End PBXNativeTarget section */

/* Begin PBXProject section */
		90EC155E1CB303C700B185FC /* Project object */ = {
			isa = PBXProject;
			attributes = {
				LastSwiftUpdateCheck = 0730;
				LastUpgradeCheck = 0730;
				ORGANIZATIONNAME = marty.k7;
				TargetAttributes = {
					90EC15651CB303C700B185FC = {
						CreatedOnToolsVersion = 7.3;
					};
					90EC15791CB303C700B185FC = {
						CreatedOnToolsVersion = 7.3;
						TestTargetID = 90EC15651CB303C700B185FC;
					};
					90EC15841CB303C800B185FC = {
						CreatedOnToolsVersion = 7.3;
						TestTargetID = 90EC15651CB303C700B185FC;
					};
				};
			};
			buildConfigurationList = 90EC15611CB303C700B185FC /* Build configuration list for PBXProject "TwoPlayersFight" */;
			compatibilityVersion = "Xcode 3.2";
			developmentRegion = English;
			hasScannedForEncodings = 0;
			knownRegions = (
				en,
				Base,
			);
			mainGroup = 90EC155D1CB303C700B185FC;
			productRefGroup = 90EC15671CB303C700B185FC /* Products */;
			projectDirPath = "";
			projectRoot = "";
			targets = (
				90EC15651CB303C700B185FC /* TwoPlayersFight */,
				90EC15791CB303C700B185FC /* TwoPlayersFightTests */,
				90EC15841CB303C800B185FC /* TwoPlayersFightUITests */,
			);
		};
/* End PBXProject section */

/* Begin PBXResourcesBuildPhase section */
		90EC15641CB303C700B185FC /* Resources */ = {
			isa = PBXResourcesBuildPhase;
			buildActionMask = 2147483647;
			files = (
				90EC15741CB303C700B185FC /* LaunchScreen.storyboard in Resources */,
				90EC15711CB303C700B185FC /* Assets.xcassets in Resources */,
				90EC156F1CB303C700B185FC /* Main.storyboard in Resources */,
			);
			runOnlyForDeploymentPostprocessing = 0;
		};
		90EC15781CB303C700B185FC /* Resources */ = {
			isa = PBXResourcesBuildPhase;
			buildActionMask = 2147483647;
			files = (
			);
			runOnlyForDeploymentPostprocessing = 0;
		};
		90EC15831CB303C800B185FC /* Resources */ = {
			isa = PBXResourcesBuildPhase;
			buildActionMask = 2147483647;
			files = (
			);
			runOnlyForDeploymentPostprocessing = 0;
		};
/* End PBXResourcesBuildPhase section */

/* Begin PBXSourcesBuildPhase section */
		90EC15621CB303C700B185FC /* Sources */ = {
			isa = PBXSourcesBuildPhase;
			buildActionMask = 2147483647;
			files = (
				90EC156C1CB303C700B185FC /* ViewController.swift in Sources */,
				90EC156A1CB303C700B185FC /* AppDelegate.swift in Sources */,
			);
			runOnlyForDeploymentPostprocessing = 0;
		};
		90EC15761CB303C700B185FC /* Sources */ = {
			isa = PBXSourcesBuildPhase;
			buildActionMask = 2147483647;
			files = (
				90EC157F1CB303C700B185FC /* TwoPlayersFightTests.swift in Sources */,
			);
			runOnlyForDeploymentPostprocessing = 0;
		};
		90EC15811CB303C800B185FC /* Sources */ = {
			isa = PBXSourcesBuildPhase;
			buildActionMask = 2147483647;
			files = (
				90EC158A1CB303C800B185FC /* TwoPlayersFightUITests.swift in Sources */,
			);
			runOnlyForDeploymentPostprocessing = 0;
		};
/* End PBXSourcesBuildPhase section */

/* Begin PBXTargetDependency section */
		90EC157C1CB303C700B185FC /* PBXTargetDependency */ = {
			isa = PBXTargetDependency;
			target = 90EC15651CB303C700B185FC /* TwoPlayersFight */;
			targetProxy = 90EC157B1CB303C700B185FC /* PBXContainerItemProxy */;
		};
		90EC15871CB303C800B185FC /* PBXTargetDependency */ = {
			isa = PBXTargetDependency;
			target = 90EC15651CB303C700B185FC /* TwoPlayersFight */;
			targetProxy = 90EC15861CB303C800B185FC /* PBXContainerItemProxy */;
		};
/* End PBXTargetDependency section */

/* Begin PBXVariantGroup section */
		90EC156D1CB303C700B185FC /* Main.storyboard */ = {
			isa = PBXVariantGroup;
			children = (
				90EC156E1CB303C700B185FC /* Base */,
			);
			name = Main.storyboard;
			sourceTree = "<group>";
		};
		90EC15721CB303C700B185FC /* LaunchScreen.storyboard */ = {
			isa = PBXVariantGroup;
			children = (
				90EC15731CB303C700B185FC /* Base */,
			);
			name = LaunchScreen.storyboard;
			sourceTree = "<group>";
		};
/* End PBXVariantGroup section */

/* Begin XCBuildConfiguration section */
		90EC158C1CB303C800B185FC /* Debug */ = {
			isa = XCBuildConfiguration;
			buildSettings = {
				ALWAYS_SEARCH_USER_PATHS = NO;
				CLANG_ANALYZER_NONNULL = YES;
				CLANG_CXX_LANGUAGE_STANDARD = "gnu++0x";
				CLANG_CXX_LIBRARY = "libc++";
				CLANG_ENABLE_MODULES = YES;
				CLANG_ENABLE_OBJC_ARC = YES;
				CLANG_WARN_BOOL_CONVERSION = YES;
				CLANG_WARN_CONSTANT_CONVERSION = YES;
				CLANG_WARN_DIRECT_OBJC_ISA_USAGE = YES_ERROR;
				CLANG_WARN_EMPTY_BODY = YES;
				CLANG_WARN_ENUM_CONVERSION = YES;
				CLANG_WARN_INT_CONVERSION = YES;
				CLANG_WARN_OBJC_ROOT_CLASS = YES_ERROR;
				CLANG_WARN_UNREACHABLE_CODE = YES;
				CLANG_WARN__DUPLICATE_METHOD_MATCH = YES;
				"CODE_SIGN_IDENTITY[sdk=iphoneos*]" = "iPhone Developer";
				COPY_PHASE_STRIP = NO;
				DEBUG_INFORMATION_FORMAT = dwarf;
				ENABLE_STRICT_OBJC_MSGSEND = YES;
				ENABLE_TESTABILITY = YES;
				GCC_C_LANGUAGE_STANDARD = gnu99;
				GCC_DYNAMIC_NO_PIC = NO;
				GCC_NO_COMMON_BLOCKS = YES;
				GCC_OPTIMIZATION_LEVEL = 0;
				GCC_PREPROCESSOR_DEFINITIONS = (
					"DEBUG=1",
					"$(inherited)",
				);
				GCC_WARN_64_TO_32_BIT_CONVERSION = YES;
				GCC_WARN_ABOUT_RETURN_TYPE = YES_ERROR;
				GCC_WARN_UNDECLARED_SELECTOR = YES;
				GCC_WARN_UNINITIALIZED_AUTOS = YES_AGGRESSIVE;
				GCC_WARN_UNUSED_FUNCTION = YES;
				GCC_WARN_UNUSED_VARIABLE = YES;
				IPHONEOS_DEPLOYMENT_TARGET = 9.3;
				MTL_ENABLE_DEBUG_INFO = YES;
				ONLY_ACTIVE_ARCH = YES;
				SDKROOT = iphoneos;
				SWIFT_OPTIMIZATION_LEVEL = "-Onone";
			};
			name = Debug;
		};
		90EC158D1CB303C800B185FC /* Release */ = {
			isa = XCBuildConfiguration;
			buildSettings = {
				ALWAYS_SEARCH_USER_PATHS = NO;
				CLANG_ANALYZER_NONNULL = YES;
				CLANG_CXX_LANGUAGE_STANDARD = "gnu++0x";
				CLANG_CXX_LIBRARY = "libc++";
				CLANG_ENABLE_MODULES = YES;
				CLANG_ENABLE_OBJC_ARC = YES;
				CLANG_WARN_BOOL_CONVERSION = YES;
				CLANG_WARN_CONSTANT_CONVERSION = YES;
				CLANG_WARN_DIRECT_OBJC_ISA_USAGE = YES_ERROR;
				CLANG_WARN_EMPTY_BODY = YES;
				CLANG_WARN_ENUM_CONVERSION = YES;
				CLANG_WARN_INT_CONVERSION = YES;
				CLANG_WARN_OBJC_ROOT_CLASS = YES_ERROR;
				CLANG_WARN_UNREACHABLE_CODE = YES;
				CLANG_WARN__DUPLICATE_METHOD_MATCH = YES;
				"CODE_SIGN_IDENTITY[sdk=iphoneos*]" = "iPhone Developer";
				COPY_PHASE_STRIP = NO;
				DEBUG_INFORMATION_FORMAT = "dwarf-with-dsym";
				ENABLE_NS_ASSERTIONS = NO;
				ENABLE_STRICT_OBJC_MSGSEND = YES;
				GCC_C_LANGUAGE_STANDARD = gnu99;
				GCC_NO_COMMON_BLOCKS = YES;
				GCC_WARN_64_TO_32_BIT_CONVERSION = YES;
				GCC_WARN_ABOUT_RETURN_TYPE = YES_ERROR;
				GCC_WARN_UNDECLARED_SELECTOR = YES;
				GCC_WARN_UNINITIALIZED_AUTOS = YES_AGGRESSIVE;
				GCC_WARN_UNUSED_FUNCTION = YES;
				GCC_WARN_UNUSED_VARIABLE = YES;
				IPHONEOS_DEPLOYMENT_TARGET = 9.3;
				MTL_ENABLE_DEBUG_INFO = NO;
				SDKROOT = iphoneos;
				VALIDATE_PRODUCT = YES;
			};
			name = Release;
		};
		90EC158F1CB303C800B185FC /* Debug */ = {
			isa = XCBuildConfiguration;
			buildSettings = {
				ASSETCATALOG_COMPILER_APPICON_NAME = AppIcon;
				INFOPLIST_FILE = TwoPlayersFight/Info.plist;
				LD_RUNPATH_SEARCH_PATHS = "$(inherited) @executable_path/Frameworks";
				PRODUCT_BUNDLE_IDENTIFIER = com.add.TwoPlayersFight;
				PRODUCT_NAME = "$(TARGET_NAME)";
			};
			name = Debug;
		};
		90EC15901CB303C800B185FC /* Release */ = {
			isa = XCBuildConfiguration;
			buildSettings = {
				ASSETCATALOG_COMPILER_APPICON_NAME = AppIcon;
				INFOPLIST_FILE = TwoPlayersFight/Info.plist;
				LD_RUNPATH_SEARCH_PATHS = "$(inherited) @executable_path/Frameworks";
				PRODUCT_BUNDLE_IDENTIFIER = com.add.TwoPlayersFight;
				PRODUCT_NAME = "$(TARGET_NAME)";
			};
			name = Release;
		};
		90EC15921CB303C800B185FC /* Debug */ = {
			isa = XCBuildConfiguration;
			buildSettings = {
				BUNDLE_LOADER = "$(TEST_HOST)";
				INFOPLIST_FILE = TwoPlayersFightTests/Info.plist;
				LD_RUNPATH_SEARCH_PATHS = "$(inherited) @executable_path/Frameworks @loader_path/Frameworks";
				PRODUCT_BUNDLE_IDENTIFIER = com.add.TwoPlayersFightTests;
				PRODUCT_NAME = "$(TARGET_NAME)";
				TEST_HOST = "$(BUILT_PRODUCTS_DIR)/TwoPlayersFight.app/TwoPlayersFight";
			};
			name = Debug;
		};
		90EC15931CB303C800B185FC /* Release */ = {
			isa = XCBuildConfiguration;
			buildSettings = {
				BUNDLE_LOADER = "$(TEST_HOST)";
				INFOPLIST_FILE = TwoPlayersFightTests/Info.plist;
				LD_RUNPATH_SEARCH_PATHS = "$(inherited) @executable_path/Frameworks @loader_path/Frameworks";
				PRODUCT_BUNDLE_IDENTIFIER = com.add.TwoPlayersFightTests;
				PRODUCT_NAME = "$(TARGET_NAME)";
				TEST_HOST = "$(BUILT_PRODUCTS_DIR)/TwoPlayersFight.app/TwoPlayersFight";
			};
			name = Release;
		};
		90EC15951CB303C800B185FC /* Debug */ = {
			isa = XCBuildConfiguration;
			buildSettings = {
				INFOPLIST_FILE = TwoPlayersFightUITests/Info.plist;
				LD_RUNPATH_SEARCH_PATHS = "$(inherited) @executable_path/Frameworks @loader_path/Frameworks";
				PRODUCT_BUNDLE_IDENTIFIER = com.add.TwoPlayersFightUITests;
				PRODUCT_NAME = "$(TARGET_NAME)";
				TEST_TARGET_NAME = TwoPlayersFight;
			};
			name = Debug;
		};
		90EC15961CB303C800B185FC /* Release */ = {
			isa = XCBuildConfiguration;
			buildSettings = {
				INFOPLIST_FILE = TwoPlayersFightUITests/Info.plist;
				LD_RUNPATH_SEARCH_PATHS = "$(inherited) @executable_path/Frameworks @loader_path/Frameworks";
				PRODUCT_BUNDLE_IDENTIFIER = com.add.TwoPlayersFightUITests;
				PRODUCT_NAME = "$(TARGET_NAME)";
				TEST_TARGET_NAME = TwoPlayersFight;
			};
			name = Release;
		};
/* End XCBuildConfiguration section */

/* Begin XCConfigurationList section */
		90EC15611CB303C700B185FC /* Build configuration list for PBXProject "TwoPlayersFight" */ = {
			isa = XCConfigurationList;
			buildConfigurations = (
				90EC158C1CB303C800B185FC /* Debug */,
				90EC158D1CB303C800B185FC /* Release */,
			);
			defaultConfigurationIsVisible = 0;
			defaultConfigurationName = Release;
		};
		90EC158E1CB303C800B185FC /* Build configuration list for PBXNativeTarget "TwoPlayersFight" */ = {
			isa = XCConfigurationList;
			buildConfigurations = (
				90EC158F1CB303C800B185FC /* Debug */,
				90EC15901CB303C800B185FC /* Release */,
			);
			defaultConfigurationIsVisible = 0;
		};
		90EC15911CB303C800B185FC /* Build configuration list for PBXNativeTarget "TwoPlayersFightTests" */ = {
			isa = XCConfigurationList;
			buildConfigurations = (
				90EC15921CB303C800B185FC /* Debug */,
				90EC15931CB303C800B185FC /* Release */,
			);
			defaultConfigurationIsVisible = 0;
		};
		90EC15941CB303C800B185FC /* Build configuration list for PBXNativeTarget "TwoPlayersFightUITests" */ = {
			isa = XCConfigurationList;
			buildConfigurations = (
				90EC15951CB303C800B185FC /* Debug */,
				90EC15961CB303C800B185FC /* Release */,
			);
			defaultConfigurationIsVisible = 0;
		};
/* End XCConfigurationList section */
	};
	rootObject = 90EC155E1CB303C700B185FC /* Project object */;
}
